
Microsoft Visual Studio Solution File, Format Version 12.00
# Visual Studio Version 16
VisualStudioVersion = 16.0.32901.82
MinimumVisualStudioVersion = 10.0.40219.1
Project("{FAE04EC0-301F-11D3-BF4B-00C04F79EFBC}") = "UcakBiletiSatısOtomasyonu", "UcakBiletiSatısOtomasyonu\UcakBiletiSatısOtomasyonu.csproj", "{D720B4B8-602C-4945-AF11-D35A9974A15D}"
EndProject
Global
	GlobalSection(SolutionConfigurationPlatforms) = preSolution
		Debug|Any CPU = Debug|Any CPU
		Release|Any CPU = Release|Any CPU
	EndGlobalSection
	GlobalSection(ProjectConfigurationPlatforms) = postSolution
		{D720B4B8-602C-4945-AF11-D35A9974A15D}.Debug|Any CPU.ActiveCfg = Debug|Any CPU
		{D720B4B8-602C-4945-AF11-D35A9974A15D}.Debug|Any CPU.Build.0 = Debug|Any CPU
		{D720B4B8-602C-4945-AF11-D35A9974A15D}.Release|Any CPU.ActiveCfg = Release|Any CPU
		{D720B4B8-602C-4945-AF11-D35A9974A15D}.Release|Any CPU.Build.0 = Release|Any CPU
	EndGlobalSection
	GlobalSection(SolutionProperties) = preSolution
		HideSolutionNode = FALSE
	EndGlobalSection
	GlobalSection(ExtensibilityGlobals) = postSolution
		SolutionGuid = {B841C084-BF01-47FA-BCC8-E1A58D9817B0}
	EndGlobalSection
EndGlobal
